{
  "version": 4,
  "terraform_version": "1.9.2",
  "serial": 12,
  "lineage": "991c0c9e-e83a-37a1-56b6-916c341b6e67",
  "outputs": {},
  "resources": [
    {
      "mode": "managed",
      "type": "aws_instance",
      "name": "SVOLOTA",
      "provider": "provider[\"registry.terraform.io/hashicorp/aws\"]",
      "instances": [
        {
          "schema_version": 1,
          "attributes": {
            "ami": "ami-07c8c1b18ca66bb07",
            "arn": "arn:aws:ec2:eu-north-1:381491855151:instance/i-089eeb2d3c2a51cae",
            "associate_public_ip_address": true,
            "availability_zone": "eu-north-1b",
            "capacity_reservation_specification": [
              {
                "capacity_reservation_preference": "open",
                "capacity_reservation_target": []
              }
            ],
            "cpu_core_count": 1,
            "cpu_options": [
              {
                "amd_sev_snp": "",
                "core_count": 1,
                "threads_per_core": 2
              }
            ],
            "cpu_threads_per_core": 2,
            "credit_specification": [
              {
                "cpu_credits": "unlimited"
              }
            ],
            "disable_api_stop": false,
            "disable_api_termination": false,
            "ebs_block_device": [],
            "ebs_optimized": false,
            "enclave_options": [
              {
                "enabled": false
              }
            ],
            "ephemeral_block_device": [],
            "get_password_data": false,
            "hibernation": false,
            "host_id": "",
            "host_resource_group_arn": null,
            "iam_instance_profile": "",
            "id": "i-089eeb2d3c2a51cae",
            "instance_initiated_shutdown_behavior": "stop",
            "instance_lifecycle": "",
            "instance_market_options": [],
            "instance_state": "running",
            "instance_type": "t3.micro",
            "ipv6_address_count": 0,
            "ipv6_addresses": [],
            "key_name": "deployer-key",
            "launch_template": [],
            "maintenance_options": [
              {
                "auto_recovery": "default"
              }
            ],
            "metadata_options": [
              {
                "http_endpoint": "enabled",
                "http_protocol_ipv6": "disabled",
                "http_put_response_hop_limit": 2,
                "http_tokens": "required",
                "instance_metadata_tags": "disabled"
              }
            ],
            "monitoring": false,
            "network_interface": [],
            "outpost_arn": "",
            "password_data": "",
            "placement_group": "",
            "placement_partition_number": 0,
            "primary_network_interface_id": "eni-08d771738d7e360d5",
            "private_dns": "ip-172-31-34-61.eu-north-1.compute.internal",
            "private_dns_name_options": [
              {
                "enable_resource_name_dns_a_record": false,
                "enable_resource_name_dns_aaaa_record": false,
                "hostname_type": "ip-name"
              }
            ],
            "private_ip": "172.31.34.61",
            "public_dns": "ec2-51-20-84-26.eu-north-1.compute.amazonaws.com",
            "public_ip": "51.20.84.26",
            "root_block_device": [
              {
                "delete_on_termination": true,
                "device_name": "/dev/sda1",
                "encrypted": false,
                "iops": 3000,
                "kms_key_id": "",
                "tags": {},
                "tags_all": {},
                "throughput": 125,
                "volume_id": "vol-0c7137cb8d9252a38",
                "volume_size": 8,
                "volume_type": "gp3"
              }
            ],
            "secondary_private_ips": [],
            "security_groups": [
              "default"
            ],
            "source_dest_check": true,
            "spot_instance_request_id": "",
            "subnet_id": "subnet-0a80fa6f7b39d8211",
            "tags": null,
            "tags_all": {},
            "tenancy": "default",
            "timeouts": null,
            "user_data": "44413733cdcad2812e043cddddc19e8041408f37",
            "user_data_base64": null,
            "user_data_replace_on_change": false,
            "volume_tags": null,
            "vpc_security_group_ids": [
              "sg-02320f18741306384"
            ]
          },
          "sensitive_attributes": [],
          "private": "eyJlMmJmYjczMC1lY2FhLTExZTYtOGY4OC0zNDM2M2JjN2M0YzAiOnsiY3JlYXRlIjo2MDAwMDAwMDAwMDAsImRlbGV0ZSI6MTIwMDAwMDAwMDAwMCwicmVhZCI6OTAwMDAwMDAwMDAwLCJ1cGRhdGUiOjYwMDAwMDAwMDAwMH0sInNjaGVtYV92ZXJzaW9uIjoiMSJ9",
          "dependencies": [
            "aws_key_pair.deployer"
          ]
        }
      ]
    },
    {
      "mode": "managed",
      "type": "aws_key_pair",
      "name": "deployer",
      "provider": "provider[\"registry.terraform.io/hashicorp/aws\"]",
      "instances": [
        {
          "schema_version": 1,
          "attributes": {
            "arn": "arn:aws:ec2:eu-north-1:381491855151:key-pair/deployer-key",
            "fingerprint": "1e:b7:75:a1:6b:ed:2f:bc:79:e3:7b:ac:4e:d1:21:6a",
            "id": "deployer-key",
            "key_name": "deployer-key",
            "key_name_prefix": "",
            "key_pair_id": "key-0acb76a1eeee1ba4a",
            "key_type": "rsa",
            "public_key": "ssh-rsa AAAAB3NzaC1yc2EAAAADAQABAAABgQDHcIz8OOq0/8j7noGD18hMPBDw6jLLgxEvzvbKR3GutH/QL9qbcXaQbG/HOJU5eiN94alApeBLyu8ugkLyg5jJEB6IwsNPo4qA1PPYWHIeQu1lo7/nRqW4TCOEWjVl1fegh4vV/5mI2uQ3Yz23qYa4qDRMp3lB5o4pKyClmU2AgO92SXdKgDAeVVF6EkOY4DfmS6iCi7Xtoq3ot7nMXiDmUGeyWFXmvxssEQyKLQN4fS9SCSHHe/l71tPPe3n0EezXnKlMThS8fvl1HCB1T+5r36Chg2HOQaxMVWB7NHob/Kd+3g47YHxOXBzTlKhW9Xq3VSCD7sNdrcIumquX8UNt4l0t+f+0HVtWHIe91MUTTeE0DWyLXOTpTDQ+rDewQi2emp6bAFJeRV3fdGqe997owKk/QtC+42oRN6WEMefO32ndbRpVV5AfygOyEnQoJAHCds14X4q2eJ1ElkxEXw1sLf8Nn441oWuOQjiEzb0GJDWthitdHl5hc/VRyOgCVH8= root@DESKTOP-G39PVJB",
            "tags": null,
            "tags_all": {}
          },
          "sensitive_attributes": [],
          "private": "eyJzY2hlbWFfdmVyc2lvbiI6IjEifQ=="
        }
      ]
    }
  ],
  "check_results": null
}
